{
  "name": "@mio-core/mioauth",
  "version": "0.0.0",
  "lockfileVersion": 2,
  "requires": true,
  "packages": {
    "": {
      "name": "@mio-core/mioauth",
      "version": "0.0.0",
      "license": "GPL-3.0-or-later",
      "dependencies": {
        "@mio-graphics/miolook": "file:../../../graphics/mioLook"
      }
    },
    "../../../graphics/mioLook": {
      "version": "0.0.0",
      "license": "GPL-3.0-or-later"
    },
    "../../graphics/mioLook": {
      "name": "@mio-graphics/miolook",
      "version": "0.0.0",
      "extraneous": true,
      "license": "GPL-3.0-or-later"
    },
    "node_modules/@mio-graphics/miolook": {
      "resolved": "../../../graphics/mioLook",
      "link": true
    }
  },
  "dependencies": {
    "@mio-graphics/miolook": {
      "version": "file:../../../graphics/mioLook"
    }
  }
}
